{
  "lockfile_version": "1",
  "packages": {
    "github:NixOS/nixpkgs/nixpkgs-unstable": {
      "last_modified": "2026-04-01T17:36:14Z",
      "resolved": "github:NixOS/nixpkgs/6ebfbc38bdc6b22822a6f991f2d922306f33cfbc?lastModified=1775064974"
    },
    "nodejs@25.8.2": {
      "last_modified": "2026-03-27T11:17:38Z",
      "plugin_version": "0.0.2",
      "resolved": "github:NixOS/nixpkgs/832efc09b4caf6b4569fbf9dc01bec3082a00611#nodejs_25",
      "source": "devbox-search",
      "version": "25.8.2",
      "systems": {
        "aarch64-darwin": {
          "outputs": [
            {
              "name": "out",
              "path": "/nix/store/qflz0c97921bn5i3jc49dy24hhwpk67d-nodejs-25.8.2",
              "default": true
            }
          ],
          "store_path": "/nix/store/qflz0c97921bn5i3jc49dy24hhwpk67d-nodejs-25.8.2"
        },
        "aarch64-linux": {
          "outputs": [
            {
              "name": "out",
              "path": "/nix/store/vdakqgvs2qjrdsrjz3wpwn39yvj0fmvv-nodejs-25.8.2",
              "default": true
            }
          ],
          "store_path": "/nix/store/vdakqgvs2qjrdsrjz3wpwn39yvj0fmvv-nodejs-25.8.2"
        },
        "x86_64-darwin": {
          "outputs": [
            {
              "name": "out",
              "path": "/nix/store/d94jkiwkdf3qm25pchchdx37sh4fy4g7-nodejs-25.8.2",
              "default": true
            }
          ],
          "store_path": "/nix/store/d94jkiwkdf3qm25pchchdx37sh4fy4g7-nodejs-25.8.2"
        },
        "x86_64-linux": {
          "outputs": [
            {
              "name": "out",
              "path": "/nix/store/qads515hyg9b6vs0l1cyxhggvc98ycdx-nodejs-25.8.2",
              "default": true
            }
          ],
          "store_path": "/nix/store/qads515hyg9b6vs0l1cyxhggvc98ycdx-nodejs-25.8.2"
        }
      }
    },
    "pnpm@latest": {
      "last_modified": "2026-03-27T11:17:38Z",
      "resolved": "github:NixOS/nixpkgs/832efc09b4caf6b4569fbf9dc01bec3082a00611#pnpm",
      "source": "devbox-search",
      "version": "10.33.0",
      "systems": {
        "aarch64-darwin": {
          "outputs": [
            {
              "name": "out",
              "path": "/nix/store/ikniys3wki91s94zh7wpnf9rf8806msv-pnpm-10.33.0",
              "default": true
            }
          ],
          "store_path": "/nix/store/ikniys3wki91s94zh7wpnf9rf8806msv-pnpm-10.33.0"
        },
        "aarch64-linux": {
          "outputs": [
            {
              "name": "out",
              "path": "/nix/store/5gj7nis9afj3qib78y8vwp5vh5rdr5wn-pnpm-10.33.0",
              "default": true
            }
          ],
          "store_path": "/nix/store/5gj7nis9afj3qib78y8vwp5vh5rdr5wn-pnpm-10.33.0"
        },
        "x86_64-darwin": {
          "outputs": [
            {
              "name": "out",
              "path": "/nix/store/a8425q8kcj0r6x13c50z52y9f23b43kh-pnpm-10.33.0",
              "default": true
            }
          ],
          "store_path": "/nix/store/a8425q8kcj0r6x13c50z52y9f23b43kh-pnpm-10.33.0"
        },
        "x86_64-linux": {
          "outputs": [
            {
              "name": "out",
              "path": "/nix/store/qlbqwsia8a9rk3cp6v58y1x58c0j2wyk-pnpm-10.33.0",
              "default": true
            }
          ],
          "store_path": "/nix/store/qlbqwsia8a9rk3cp6v58y1x58c0j2wyk-pnpm-10.33.0"
        }
      }
    }
  }
}
